
Microsoft Visual Studio Solution File, Format Version 12.00
# Visual Studio Version 17
VisualStudioVersion = 17.7.34009.444
MinimumVisualStudioVersion = 10.0.40219.1
Project("{9A19103F-16F7-4668-BE54-9A1E7A4F7556}") = "TodoList2", "TodoList2\TodoList2.csproj", "{5CED1D4B-20CB-489F-B82C-43F178E710AA}"
EndProject
Global
	GlobalSection(SolutionConfigurationPlatforms) = preSolution
		Debug|Any CPU = Debug|Any CPU
		Release|Any CPU = Release|Any CPU
	EndGlobalSection
	GlobalSection(ProjectConfigurationPlatforms) = postSolution
		{5CED1D4B-20CB-489F-B82C-43F178E710AA}.Debug|Any CPU.ActiveCfg = Debug|Any CPU
		{5CED1D4B-20CB-489F-B82C-43F178E710AA}.Debug|Any CPU.Build.0 = Debug|Any CPU
		{5CED1D4B-20CB-489F-B82C-43F178E710AA}.Release|Any CPU.ActiveCfg = Release|Any CPU
		{5CED1D4B-20CB-489F-B82C-43F178E710AA}.Release|Any CPU.Build.0 = Release|Any CPU
	EndGlobalSection
	GlobalSection(SolutionProperties) = preSolution
		HideSolutionNode = FALSE
	EndGlobalSection
	GlobalSection(ExtensibilityGlobals) = postSolution
		SolutionGuid = {3679BA29-4569-4D29-AA6C-F9CAB22375DA}
	EndGlobalSection
EndGlobal
